// !$*UTF8*$!
{
	archiveVersion = 1;
	classes = {
	};
	objectVersion = 50;
	objects = {

/* Begin PBXBuildFile section */
		761DE06A244E5B5B009D33E5 /* AppDelegate.swift in Sources */ = {isa = PBXBuildFile; fileRef = 761DE069244E5B5B009D33E5 /* AppDelegate.swift */; };
		761DE06C244E5B5B009D33E5 /* SceneDelegate.swift in Sources */ = {isa = PBXBuildFile; fileRef = 761DE06B244E5B5B009D33E5 /* SceneDelegate.swift */; };
		761DE06E244E5B5B009D33E5 /* ContentView.swift in Sources */ = {isa = PBXBuildFile; fileRef = 761DE06D244E5B5B009D33E5 /* ContentView.swift */; };
		761DE070244E5B5C009D33E5 /* Assets.xcassets in Resources */ = {isa = PBXBuildFile; fileRef = 761DE06F244E5B5C009D33E5 /* Assets.xcassets */; };
		761DE073244E5B5C009D33E5 /* Preview Assets.xcassets in Resources */ = {isa = PBXBuildFile; fileRef = 761DE072244E5B5C009D33E5 /* Preview Assets.xcassets */; };
		761DE076244E5B5C009D33E5 /* LaunchScreen.storyboard in Resources */ = {isa = PBXBuildFile; fileRef = 761DE074244E5B5C009D33E5 /* LaunchScreen.storyboard */; };
		761DE07F244E5B8C009D33E5 /* Businesses.graphql in Resources */ = {isa = PBXBuildFile; fileRef = 761DE07E244E5B8C009D33E5 /* Businesses.graphql */; };
/* End PBXBuildFile section */

/* Begin PBXFileReference section */
		761DE066244E5B5B009D33E5 /* GraphQLSwiftUI.app */ = {isa = PBXFileReference; explicitFileType = wrapper.application; includeInIndex = 0; path = GraphQLSwiftUI.app; sourceTree = BUILT_PRODUCTS_DIR; };
		761DE069244E5B5B009D33E5 /* AppDelegate.swift */ = {isa = PBXFileReference; lastKnownFileType = sourcecode.swift; path = AppDelegate.swift; sourceTree = "<group>"; };
		761DE06B244E5B5B009D33E5 /* SceneDelegate.swift */ = {isa = PBXFileReference; lastKnownFileType = sourcecode.swift; path = SceneDelegate.swift; sourceTree = "<group>"; };
		761DE06D244E5B5B009D33E5 /* ContentView.swift */ = {isa = PBXFileReference; lastKnownFileType = sourcecode.swift; path = ContentView.swift; sourceTree = "<group>"; };
		761DE06F244E5B5C009D33E5 /* Assets.xcassets */ = {isa = PBXFileReference; lastKnownFileType = folder.assetcatalog; path = Assets.xcassets; sourceTree = "<group>"; };
		761DE072244E5B5C009D33E5 /* Preview Assets.xcassets */ = {isa = PBXFileReference; lastKnownFileType = folder.assetcatalog; path = "Preview Assets.xcassets"; sourceTree = "<group>"; };
		761DE075244E5B5C009D33E5 /* Base */ = {isa = PBXFileReference; lastKnownFileType = file.storyboard; name = Base; path = Base.lproj/LaunchScreen.storyboard; sourceTree = "<group>"; };
		761DE077244E5B5C009D33E5 /* Info.plist */ = {isa = PBXFileReference; lastKnownFileType = text.plist.xml; path = Info.plist; sourceTree = "<group>"; };
		761DE07E244E5B8C009D33E5 /* Businesses.graphql */ = {isa = PBXFileReference; lastKnownFileType = text; path = Businesses.graphql; sourceTree = "<group>"; };
/* End PBXFileReference section */

/* Begin PBXFrameworksBuildPhase section */
		761DE063244E5B5B009D33E5 /* Frameworks */ = {
			isa = PBXFrameworksBuildPhase;
			buildActionMask = 2147483647;
			files = (
			);
			runOnlyForDeploymentPostprocessing = 0;
		};
/* End PBXFrameworksBuildPhase section */

/* Begin PBXGroup section */
		761DE05D244E5B5B009D33E5 = {
			isa = PBXGroup;
			children = (
				761DE068244E5B5B009D33E5 /* GraphQLSwiftUI */,
				761DE067244E5B5B009D33E5 /* Products */,
			);
			sourceTree = "<group>";
		};
		761DE067244E5B5B009D33E5 /* Products */ = {
			isa = PBXGroup;
			children = (
				761DE066244E5B5B009D33E5 /* GraphQLSwiftUI.app */,
			);
			name = Products;
			sourceTree = "<group>";
		};
		761DE068244E5B5B009D33E5 /* GraphQLSwiftUI */ = {
			isa = PBXGroup;
			children = (
				761DE07D244E5B79009D33E5 /* GraphQL */,
				761DE069244E5B5B009D33E5 /* AppDelegate.swift */,
				761DE06B244E5B5B009D33E5 /* SceneDelegate.swift */,
				761DE06D244E5B5B009D33E5 /* ContentView.swift */,
				761DE06F244E5B5C009D33E5 /* Assets.xcassets */,
				761DE074244E5B5C009D33E5 /* LaunchScreen.storyboard */,
				761DE077244E5B5C009D33E5 /* Info.plist */,
				761DE071244E5B5C009D33E5 /* Preview Content */,
			);
			path = GraphQLSwiftUI;
			sourceTree = "<group>";
		};
		761DE071244E5B5C009D33E5 /* Preview Content */ = {
			isa = PBXGroup;
			children = (
				761DE072244E5B5C009D33E5 /* Preview Assets.xcassets */,
			);
			path = "Preview Content";
			sourceTree = "<group>";
		};
		761DE07D244E5B79009D33E5 /* GraphQL */ = {
			isa = PBXGroup;
			children = (
				761DE07E244E5B8C009D33E5 /* Businesses.graphql */,
			);
			path = GraphQL;
			sourceTree = "<group>";
		};
/* End PBXGroup section */

/* Begin PBXNativeTarget section */
		761DE065244E5B5B009D33E5 /* GraphQLSwiftUI */ = {
			isa = PBXNativeTarget;
			buildConfigurationList = 761DE07A244E5B5C009D33E5 /* Build configuration list for PBXNativeTarget "GraphQLSwiftUI" */;
			buildPhases = (
				761DE062244E5B5B009D33E5 /* Sources */,
				761DE063244E5B5B009D33E5 /* Frameworks */,
				761DE064244E5B5B009D33E5 /* Resources */,
			);
			buildRules = (
			);
			dependencies = (
			);
			name = GraphQLSwiftUI;
			productName = GraphQLSwiftUI;
			productReference = 761DE066244E5B5B009D33E5 /* GraphQLSwiftUI.app */;
			productType = "com.apple.product-type.application";
		};
/* End PBXNativeTarget section */

/* Begin PBXProject section */
		761DE05E244E5B5B009D33E5 /* Project object */ = {
			isa = PBXProject;
			attributes = {
				LastSwiftUpdateCheck = 1140;
				LastUpgradeCheck = 1140;
				ORGANIZATIONNAME = TouchToFly;
				TargetAttributes = {
					761DE065244E5B5B009D33E5 = {
						CreatedOnToolsVersion = 11.4.1;
					};
				};
			};
			buildConfigurationList = 761DE061244E5B5B009D33E5 /* Build configuration list for PBXProject "GraphQLSwiftUI" */;
			compatibilityVersion = "Xcode 9.3";
			developmentRegion = en;
			hasScannedForEncodings = 0;
			knownRegions = (
				en,
				Base,
			);
			mainGroup = 761DE05D244E5B5B009D33E5;
			productRefGroup = 761DE067244E5B5B009D33E5 /* Products */;
			projectDirPath = "";
			projectRoot = "";
			targets = (
				761DE065244E5B5B009D33E5 /* GraphQLSwiftUI */,
			);
		};
/* End PBXProject section */

/* Begin PBXResourcesBuildPhase section */
		761DE064244E5B5B009D33E5 /* Resources */ = {
			isa = PBXResourcesBuildPhase;
			buildActionMask = 2147483647;
			files = (
				761DE076244E5B5C009D33E5 /* LaunchScreen.storyboard in Resources */,
				761DE073244E5B5C009D33E5 /* Preview Assets.xcassets in Resources */,
				761DE070244E5B5C009D33E5 /* Assets.xcassets in Resources */,
				761DE07F244E5B8C009D33E5 /* Businesses.graphql in Resources */,
			);
			runOnlyForDeploymentPostprocessing = 0;
		};
/* End PBXResourcesBuildPhase section */

/* Begin PBXSourcesBuildPhase section */
		761DE062244E5B5B009D33E5 /* Sources */ = {
			isa = PBXSourcesBuildPhase;
			buildActionMask = 2147483647;
			files = (
				761DE06A244E5B5B009D33E5 /* AppDelegate.swift in Sources */,
				761DE06C244E5B5B009D33E5 /* SceneDelegate.swift in Sources */,
				761DE06E244E5B5B009D33E5 /* ContentView.swift in Sources */,
			);
			runOnlyForDeploymentPostprocessing = 0;
		};
/* End PBXSourcesBuildPhase section */

/* Begin PBXVariantGroup section */
		761DE074244E5B5C009D33E5 /* LaunchScreen.storyboard */ = {
			isa = PBXVariantGroup;
			children = (
				761DE075244E5B5C009D33E5 /* Base */,
			);
			name = LaunchScreen.storyboard;
			sourceTree = "<group>";
		};
/* End PBXVariantGroup section */

/* Begin XCBuildConfiguration section */
		761DE078244E5B5C009D33E5 /* Debug */ = {
			isa = XCBuildConfiguration;
			buildSettings = {
				ALWAYS_SEARCH_USER_PATHS = NO;
				CLANG_ANALYZER_NONNULL = YES;
				CLANG_ANALYZER_NUMBER_OBJECT_CONVERSION = YES_AGGRESSIVE;
				CLANG_CXX_LANGUAGE_STANDARD = "gnu++14";
				CLANG_CXX_LIBRARY = "libc++";
				CLANG_ENABLE_MODULES = YES;
				CLANG_ENABLE_OBJC_ARC = YES;
				CLANG_ENABLE_OBJC_WEAK = YES;
				CLANG_WARN_BLOCK_CAPTURE_AUTORELEASING = YES;
				CLANG_WARN_BOOL_CONVERSION = YES;
				CLANG_WARN_COMMA = YES;
				CLANG_WARN_CONSTANT_CONVERSION = YES;
				CLANG_WARN_DEPRECATED_OBJC_IMPLEMENTATIONS = YES;
				CLANG_WARN_DIRECT_OBJC_ISA_USAGE = YES_ERROR;
				CLANG_WARN_DOCUMENTATION_COMMENTS = YES;
				CLANG_WARN_EMPTY_BODY = YES;
				CLANG_WARN_ENUM_CONVERSION = YES;
				CLANG_WARN_INFINITE_RECURSION = YES;
				CLANG_WARN_INT_CONVERSION = YES;
				CLANG_WARN_NON_LITERAL_NULL_CONVERSION = YES;
				CLANG_WARN_OBJC_IMPLICIT_RETAIN_SELF = YES;
				CLANG_WARN_OBJC_LITERAL_CONVERSION = YES;
				CLANG_WARN_OBJC_ROOT_CLASS = YES_ERROR;
				CLANG_WARN_RANGE_LOOP_ANALYSIS = YES;
				CLANG_WARN_STRICT_PROTOTYPES = YES;
				CLANG_WARN_SUSPICIOUS_MOVE = YES;
				CLANG_WARN_UNGUARDED_AVAILABILITY = YES_AGGRESSIVE;
				CLANG_WARN_UNREACHABLE_CODE = YES;
				CLANG_WARN__DUPLICATE_METHOD_MATCH = YES;
				COPY_PHASE_STRIP = NO;
				DEBUG_INFORMATION_FORMAT = dwarf;
				ENABLE_STRICT_OBJC_MSGSEND = YES;
				ENABLE_TESTABILITY = YES;
				GCC_C_LANGUAGE_STANDARD = gnu11;
				GCC_DYNAMIC_NO_PIC = NO;
				GCC_NO_COMMON_BLOCKS = YES;
				GCC_OPTIMIZATION_LEVEL = 0;
				GCC_PREPROCESSOR_DEFINITIONS = (
					"DEBUG=1",
					"$(inherited)",
				);
				GCC_WARN_64_TO_32_BIT_CONVERSION = YES;
				GCC_WARN_ABOUT_RETURN_TYPE = YES_ERROR;
				GCC_WARN_UNDECLARED_SELECTOR = YES;
				GCC_WARN_UNINITIALIZED_AUTOS = YES_AGGRESSIVE;
				GCC_WARN_UNUSED_FUNCTION = YES;
				GCC_WARN_UNUSED_VARIABLE = YES;
				IPHONEOS_DEPLOYMENT_TARGET = 13.4;
				MTL_ENABLE_DEBUG_INFO = INCLUDE_SOURCE;
				MTL_FAST_MATH = YES;
				ONLY_ACTIVE_ARCH = YES;
				SDKROOT = iphoneos;
				SWIFT_ACTIVE_COMPILATION_CONDITIONS = DEBUG;
				SWIFT_OPTIMIZATION_LEVEL = "-Onone";
			};
			name = Debug;
		};
		761DE079244E5B5C009D33E5 /* Release */ = {
			isa = XCBuildConfiguration;
			buildSettings = {
				ALWAYS_SEARCH_USER_PATHS = NO;
				CLANG_ANALYZER_NONNULL = YES;
				CLANG_ANALYZER_NUMBER_OBJECT_CONVERSION = YES_AGGRESSIVE;
				CLANG_CXX_LANGUAGE_STANDARD = "gnu++14";
				CLANG_CXX_LIBRARY = "libc++";
				CLANG_ENABLE_MODULES = YES;
				CLANG_ENABLE_OBJC_ARC = YES;
				CLANG_ENABLE_OBJC_WEAK = YES;
				CLANG_WARN_BLOCK_CAPTURE_AUTORELEASING = YES;
				CLANG_WARN_BOOL_CONVERSION = YES;
				CLANG_WARN_COMMA = YES;
				CLANG_WARN_CONSTANT_CONVERSION = YES;
				CLANG_WARN_DEPRECATED_OBJC_IMPLEMENTATIONS = YES;
				CLANG_WARN_DIRECT_OBJC_ISA_USAGE = YES_ERROR;
				CLANG_WARN_DOCUMENTATION_COMMENTS = YES;
				CLANG_WARN_EMPTY_BODY = YES;
				CLANG_WARN_ENUM_CONVERSION = YES;
				CLANG_WARN_INFINITE_RECURSION = YES;
				CLANG_WARN_INT_CONVERSION = YES;
				CLANG_WARN_NON_LITERAL_NULL_CONVERSION = YES;
				CLANG_WARN_OBJC_IMPLICIT_RETAIN_SELF = YES;
				CLANG_WARN_OBJC_LITERAL_CONVERSION = YES;
				CLANG_WARN_OBJC_ROOT_CLASS = YES_ERROR;
				CLANG_WARN_RANGE_LOOP_ANALYSIS = YES;
				CLANG_WARN_STRICT_PROTOTYPES = YES;
				CLANG_WARN_SUSPICIOUS_MOVE = YES;
				CLANG_WARN_UNGUARDED_AVAILABILITY = YES_AGGRESSIVE;
				CLANG_WARN_UNREACHABLE_CODE = YES;
				CLANG_WARN__DUPLICATE_METHOD_MATCH = YES;
				COPY_PHASE_STRIP = NO;
				DEBUG_INFORMATION_FORMAT = "dwarf-with-dsym";
				ENABLE_NS_ASSERTIONS = NO;
				ENABLE_STRICT_OBJC_MSGSEND = YES;
				GCC_C_LANGUAGE_STANDARD = gnu11;
				GCC_NO_COMMON_BLOCKS = YES;
				GCC_WARN_64_TO_32_BIT_CONVERSION = YES;
				GCC_WARN_ABOUT_RETURN_TYPE = YES_ERROR;
				GCC_WARN_UNDECLARED_SELECTOR = YES;
				GCC_WARN_UNINITIALIZED_AUTOS = YES_AGGRESSIVE;
				GCC_WARN_UNUSED_FUNCTION = YES;
				GCC_WARN_UNUSED_VARIABLE = YES;
				IPHONEOS_DEPLOYMENT_TARGET = 13.4;
				MTL_ENABLE_DEBUG_INFO = NO;
				MTL_FAST_MATH = YES;
				SDKROOT = iphoneos;
				SWIFT_COMPILATION_MODE = wholemodule;
				SWIFT_OPTIMIZATION_LEVEL = "-O";
				VALIDATE_PRODUCT = YES;
			};
			name = Release;
		};
		761DE07B244E5B5C009D33E5 /* Debug */ = {
			isa = XCBuildConfiguration;
			buildSettings = {
				ASSETCATALOG_COMPILER_APPICON_NAME = AppIcon;
				CODE_SIGN_STYLE = Automatic;
				DEVELOPMENT_ASSET_PATHS = "\"GraphQLSwiftUI/Preview Content\"";
				DEVELOPMENT_TEAM = WEZXTSQ23M;
				ENABLE_PREVIEWS = YES;
				INFOPLIST_FILE = GraphQLSwiftUI/Info.plist;
				LD_RUNPATH_SEARCH_PATHS = (
					"$(inherited)",
					"@executable_path/Frameworks",
				);
				PRODUCT_BUNDLE_IDENTIFIER = com.demo.GraphQLSwiftUI;
				PRODUCT_NAME = "$(TARGET_NAME)";
				SWIFT_VERSION = 5.0;
				TARGETED_DEVICE_FAMILY = "1,2";
			};
			name = Debug;
		};
		761DE07C244E5B5C009D33E5 /* Release */ = {
			isa = XCBuildConfiguration;
			buildSettings = {
				ASSETCATALOG_COMPILER_APPICON_NAME = AppIcon;
				CODE_SIGN_STYLE = Automatic;
				DEVELOPMENT_ASSET_PATHS = "\"GraphQLSwiftUI/Preview Content\"";
				DEVELOPMENT_TEAM = WEZXTSQ23M;
				ENABLE_PREVIEWS = YES;
				INFOPLIST_FILE = GraphQLSwiftUI/Info.plist;
				LD_RUNPATH_SEARCH_PATHS = (
					"$(inherited)",
					"@executable_path/Frameworks",
				);
				PRODUCT_BUNDLE_IDENTIFIER = com.demo.GraphQLSwiftUI;
				PRODUCT_NAME = "$(TARGET_NAME)";
				SWIFT_VERSION = 5.0;
				TARGETED_DEVICE_FAMILY = "1,2";
			};
			name = Release;
		};
/* End XCBuildConfiguration section */

/* Begin XCConfigurationList section */
		761DE061244E5B5B009D33E5 /* Build configuration list for PBXProject "GraphQLSwiftUI" */ = {
			isa = XCConfigurationList;
			buildConfigurations = (
				761DE078244E5B5C009D33E5 /* Debug */,
				761DE079244E5B5C009D33E5 /* Release */,
			);
			defaultConfigurationIsVisible = 0;
			defaultConfigurationName = Release;
		};
		761DE07A244E5B5C009D33E5 /* Build configuration list for PBXNativeTarget "GraphQLSwiftUI" */ = {
			isa = XCConfigurationList;
			buildConfigurations = (
				761DE07B244E5B5C009D33E5 /* Debug */,
				761DE07C244E5B5C009D33E5 /* Release */,
			);
			defaultConfigurationIsVisible = 0;
			defaultConfigurationName = Release;
		};
/* End XCConfigurationList section */
	};
	rootObject = 761DE05E244E5B5B009D33E5 /* Project object */;
}
